
Microsoft Visual Studio Solution File, Format Version 12.00
# Visual Studio 15
VisualStudioVersion = 15.0.28010.2046
MinimumVisualStudioVersion = 10.0.40219.1
Project("{FAE04EC0-301F-11D3-BF4B-00C04F79EFBC}") = "ArgeDBSwitch", "ArgeDBSwitch\ArgeDBSwitch.csproj", "{6C7B8DB4-75A9-45A6-BCF0-82D3DD4566F7}"
EndProject
Project("{FAE04EC0-301F-11D3-BF4B-00C04F79EFBC}") = "DBSwitchService", "DBSwitchService\DBSwitchService.csproj", "{8BFBF493-9636-4C5E-8994-75A904147714}"
EndProject
Global
	GlobalSection(SolutionConfigurationPlatforms) = preSolution
		Debug|Any CPU = Debug|Any CPU
		Release|Any CPU = Release|Any CPU
	EndGlobalSection
	GlobalSection(ProjectConfigurationPlatforms) = postSolution
		{6C7B8DB4-75A9-45A6-BCF0-82D3DD4566F7}.Debug|Any CPU.ActiveCfg = Debug|Any CPU
		{6C7B8DB4-75A9-45A6-BCF0-82D3DD4566F7}.Debug|Any CPU.Build.0 = Debug|Any CPU
		{6C7B8DB4-75A9-45A6-BCF0-82D3DD4566F7}.Release|Any CPU.ActiveCfg = Release|Any CPU
		{6C7B8DB4-75A9-45A6-BCF0-82D3DD4566F7}.Release|Any CPU.Build.0 = Release|Any CPU
		{8BFBF493-9636-4C5E-8994-75A904147714}.Debug|Any CPU.ActiveCfg = Debug|Any CPU
		{8BFBF493-9636-4C5E-8994-75A904147714}.Debug|Any CPU.Build.0 = Debug|Any CPU
		{8BFBF493-9636-4C5E-8994-75A904147714}.Release|Any CPU.ActiveCfg = Release|Any CPU
		{8BFBF493-9636-4C5E-8994-75A904147714}.Release|Any CPU.Build.0 = Release|Any CPU
	EndGlobalSection
	GlobalSection(SolutionProperties) = preSolution
		HideSolutionNode = FALSE
	EndGlobalSection
	GlobalSection(ExtensibilityGlobals) = postSolution
		SolutionGuid = {77F580D8-6B21-4A22-A6DA-7A72C1E4A4C3}
	EndGlobalSection
EndGlobal
